
Microsoft Visual Studio Solution File, Format Version 12.00
# Visual Studio Version 17
VisualStudioVersion = 17.0.31903.59
MinimumVisualStudioVersion = 10.0.40219.1
Project("{2150E333-8FDC-42A3-9474-1A3956D46DE8}") = "src", "src", "{EABED429-CBF2-448E-8EAC-DB32E8E2F6CE}"
EndProject
Project("{FAE04EC0-301F-11D3-BF4B-00C04F79EFBC}") = "TDD", "src\TDD\TDD.csproj", "{BA5934EA-A917-496C-88E0-A68FF5DEE209}"
EndProject
Project("{2150E333-8FDC-42A3-9474-1A3956D46DE8}") = "tests", "tests", "{6D667221-330E-4648-B3CD-ED210CC93AE9}"
EndProject
Project("{FAE04EC0-301F-11D3-BF4B-00C04F79EFBC}") = "TDD.Tests", "tests\TDD.Tests\TDD.Tests.csproj", "{A348B04D-D23E-4624-A42B-9577C897E8AA}"
EndProject
Global
	GlobalSection(SolutionConfigurationPlatforms) = preSolution
		Debug|Any CPU = Debug|Any CPU
		Release|Any CPU = Release|Any CPU
	EndGlobalSection
	GlobalSection(SolutionProperties) = preSolution
		HideSolutionNode = FALSE
	EndGlobalSection
	GlobalSection(ProjectConfigurationPlatforms) = postSolution
		{BA5934EA-A917-496C-88E0-A68FF5DEE209}.Debug|Any CPU.ActiveCfg = Debug|Any CPU
		{BA5934EA-A917-496C-88E0-A68FF5DEE209}.Debug|Any CPU.Build.0 = Debug|Any CPU
		{BA5934EA-A917-496C-88E0-A68FF5DEE209}.Release|Any CPU.ActiveCfg = Release|Any CPU
		{BA5934EA-A917-496C-88E0-A68FF5DEE209}.Release|Any CPU.Build.0 = Release|Any CPU
		{A348B04D-D23E-4624-A42B-9577C897E8AA}.Debug|Any CPU.ActiveCfg = Debug|Any CPU
		{A348B04D-D23E-4624-A42B-9577C897E8AA}.Debug|Any CPU.Build.0 = Debug|Any CPU
		{A348B04D-D23E-4624-A42B-9577C897E8AA}.Release|Any CPU.ActiveCfg = Release|Any CPU
		{A348B04D-D23E-4624-A42B-9577C897E8AA}.Release|Any CPU.Build.0 = Release|Any CPU
	EndGlobalSection
	GlobalSection(NestedProjects) = preSolution
		{BA5934EA-A917-496C-88E0-A68FF5DEE209} = {EABED429-CBF2-448E-8EAC-DB32E8E2F6CE}
		{A348B04D-D23E-4624-A42B-9577C897E8AA} = {6D667221-330E-4648-B3CD-ED210CC93AE9}
	EndGlobalSection
EndGlobal
